
Microsoft Visual Studio Solution File, Format Version 12.00
# Visual Studio Version 16
VisualStudioVersion = 16.0.31702.278
MinimumVisualStudioVersion = 10.0.40219.1
Project("{FAE04EC0-301F-11D3-BF4B-00C04F79EFBC}") = "Employee check present or abscent", "Employee check present or abscent\Employee check present or abscent.csproj", "{4A943781-8EBD-4DF4-BAB4-DE12AF8CC2CE}"
EndProject
Global
	GlobalSection(SolutionConfigurationPlatforms) = preSolution
		Debug|Any CPU = Debug|Any CPU
		Release|Any CPU = Release|Any CPU
	EndGlobalSection
	GlobalSection(ProjectConfigurationPlatforms) = postSolution
		{4A943781-8EBD-4DF4-BAB4-DE12AF8CC2CE}.Debug|Any CPU.ActiveCfg = Debug|Any CPU
		{4A943781-8EBD-4DF4-BAB4-DE12AF8CC2CE}.Debug|Any CPU.Build.0 = Debug|Any CPU
		{4A943781-8EBD-4DF4-BAB4-DE12AF8CC2CE}.Release|Any CPU.ActiveCfg = Release|Any CPU
		{4A943781-8EBD-4DF4-BAB4-DE12AF8CC2CE}.Release|Any CPU.Build.0 = Release|Any CPU
	EndGlobalSection
	GlobalSection(SolutionProperties) = preSolution
		HideSolutionNode = FALSE
	EndGlobalSection
	GlobalSection(ExtensibilityGlobals) = postSolution
		SolutionGuid = {4CDE7E60-AB49-4B61-99A1-95D55AC4C9FA}
	EndGlobalSection
EndGlobal
